
Microsoft Visual Studio Solution File, Format Version 12.00
# Visual Studio Version 17
VisualStudioVersion = 17.0.32014.148
MinimumVisualStudioVersion = 10.0.40219.1
Project("{FAE04EC0-301F-11D3-BF4B-00C04F79EFBC}") = "APItest", "APItest\APItest.csproj", "{39F73018-E0F4-4D27-B03A-F78081E6DBC4}"
EndProject
Global
	GlobalSection(SolutionConfigurationPlatforms) = preSolution
		Debug|Any CPU = Debug|Any CPU
		Release|Any CPU = Release|Any CPU
	EndGlobalSection
	GlobalSection(ProjectConfigurationPlatforms) = postSolution
		{39F73018-E0F4-4D27-B03A-F78081E6DBC4}.Debug|Any CPU.ActiveCfg = Debug|Any CPU
		{39F73018-E0F4-4D27-B03A-F78081E6DBC4}.Debug|Any CPU.Build.0 = Debug|Any CPU
		{39F73018-E0F4-4D27-B03A-F78081E6DBC4}.Release|Any CPU.ActiveCfg = Release|Any CPU
		{39F73018-E0F4-4D27-B03A-F78081E6DBC4}.Release|Any CPU.Build.0 = Release|Any CPU
	EndGlobalSection
	GlobalSection(SolutionProperties) = preSolution
		HideSolutionNode = FALSE
	EndGlobalSection
	GlobalSection(ExtensibilityGlobals) = postSolution
		SolutionGuid = {FAE44AA1-216F-46A3-9554-5B1A2557DE46}
	EndGlobalSection
EndGlobal
